
Microsoft Visual Studio Solution File, Format Version 12.00
# Visual Studio Version 17
VisualStudioVersion = 17.0.31903.59
MinimumVisualStudioVersion = 10.0.40219.1
Project("{2150E333-8FDC-42A3-9474-1A3956D46DE8}") = "apps", "apps", "{1787FE1D-075E-9E68-7218-25F1BD1BBEAB}"
EndProject
Project("{2150E333-8FDC-42A3-9474-1A3956D46DE8}") = "services", "services", "{7D78A933-E070-91E6-0665-0550164ABA83}"
EndProject
Project("{2150E333-8FDC-42A3-9474-1A3956D46DE8}") = "libs", "libs", "{6C4D298B-81FB-2B6B-5AB6-46205EDDC72C}"
EndProject
Project("{2150E333-8FDC-42A3-9474-1A3956D46DE8}") = "cs", "cs", "{F0184DDB-17C4-25BF-874B-7F2B6E20BB7C}"
EndProject
Project("{2150E333-8FDC-42A3-9474-1A3956D46DE8}") = "shared", "shared", "{72B78B33-AD66-2B91-A279-2FA0E33785E7}"
EndProject
Project("{FAE04EC0-301F-11D3-BF4B-00C04F79EFBC}") = "ShopifyClone.Cs.Shared", "libs\cs\shared\ShopifyClone.Cs.Shared.csproj", "{6B7F7F08-7A89-48EC-A9EE-1CC28B95061F}"
EndProject
Project("{2150E333-8FDC-42A3-9474-1A3956D46DE8}") = "proto-cs", "proto-cs", "{84A05A41-93C3-08D6-141E-15F459CAF611}"
EndProject
Project("{FAE04EC0-301F-11D3-BF4B-00C04F79EFBC}") = "ShopifyClone.Cs.ProtoCs", "libs\cs\proto-cs\ShopifyClone.Cs.ProtoCs.csproj", "{574A0462-3836-46B1-9C04-F749E7676D81}"
EndProject
Project("{FAE04EC0-301F-11D3-BF4B-00C04F79EFBC}") = "shop-service", "apps\services\shop-service\shop-service.csproj", "{E71941D3-D279-49F4-AE74-93C73EF08441}"
EndProject
Project("{FAE04EC0-301F-11D3-BF4B-00C04F79EFBC}") = "shop-configuration-service", "apps\services\shop-configuration-service\shop-configuration-service.csproj", "{EE44C6B3-A0DB-497F-95BE-2D4F9681E7BF}"
EndProject
Global
	GlobalSection(SolutionConfigurationPlatforms) = preSolution
		Debug|Any CPU = Debug|Any CPU
		Debug|x64 = Debug|x64
		Debug|x86 = Debug|x86
		Release|Any CPU = Release|Any CPU
		Release|x64 = Release|x64
		Release|x86 = Release|x86
	EndGlobalSection
	GlobalSection(ProjectConfigurationPlatforms) = postSolution
		{6B7F7F08-7A89-48EC-A9EE-1CC28B95061F}.Debug|Any CPU.ActiveCfg = Debug|Any CPU
		{6B7F7F08-7A89-48EC-A9EE-1CC28B95061F}.Debug|Any CPU.Build.0 = Debug|Any CPU
		{6B7F7F08-7A89-48EC-A9EE-1CC28B95061F}.Debug|x64.ActiveCfg = Debug|Any CPU
		{6B7F7F08-7A89-48EC-A9EE-1CC28B95061F}.Debug|x64.Build.0 = Debug|Any CPU
		{6B7F7F08-7A89-48EC-A9EE-1CC28B95061F}.Debug|x86.ActiveCfg = Debug|Any CPU
		{6B7F7F08-7A89-48EC-A9EE-1CC28B95061F}.Debug|x86.Build.0 = Debug|Any CPU
		{6B7F7F08-7A89-48EC-A9EE-1CC28B95061F}.Release|Any CPU.ActiveCfg = Release|Any CPU
		{6B7F7F08-7A89-48EC-A9EE-1CC28B95061F}.Release|Any CPU.Build.0 = Release|Any CPU
		{6B7F7F08-7A89-48EC-A9EE-1CC28B95061F}.Release|x64.ActiveCfg = Release|Any CPU
		{6B7F7F08-7A89-48EC-A9EE-1CC28B95061F}.Release|x64.Build.0 = Release|Any CPU
		{6B7F7F08-7A89-48EC-A9EE-1CC28B95061F}.Release|x86.ActiveCfg = Release|Any CPU
		{6B7F7F08-7A89-48EC-A9EE-1CC28B95061F}.Release|x86.Build.0 = Release|Any CPU
		{574A0462-3836-46B1-9C04-F749E7676D81}.Debug|Any CPU.ActiveCfg = Debug|Any CPU
		{574A0462-3836-46B1-9C04-F749E7676D81}.Debug|Any CPU.Build.0 = Debug|Any CPU
		{574A0462-3836-46B1-9C04-F749E7676D81}.Debug|x64.ActiveCfg = Debug|Any CPU
		{574A0462-3836-46B1-9C04-F749E7676D81}.Debug|x64.Build.0 = Debug|Any CPU
		{574A0462-3836-46B1-9C04-F749E7676D81}.Debug|x86.ActiveCfg = Debug|Any CPU
		{574A0462-3836-46B1-9C04-F749E7676D81}.Debug|x86.Build.0 = Debug|Any CPU
		{574A0462-3836-46B1-9C04-F749E7676D81}.Release|Any CPU.ActiveCfg = Release|Any CPU
		{574A0462-3836-46B1-9C04-F749E7676D81}.Release|Any CPU.Build.0 = Release|Any CPU
		{574A0462-3836-46B1-9C04-F749E7676D81}.Release|x64.ActiveCfg = Release|Any CPU
		{574A0462-3836-46B1-9C04-F749E7676D81}.Release|x64.Build.0 = Release|Any CPU
		{574A0462-3836-46B1-9C04-F749E7676D81}.Release|x86.ActiveCfg = Release|Any CPU
		{574A0462-3836-46B1-9C04-F749E7676D81}.Release|x86.Build.0 = Release|Any CPU
		{E71941D3-D279-49F4-AE74-93C73EF08441}.Debug|Any CPU.ActiveCfg = Debug|Any CPU
		{E71941D3-D279-49F4-AE74-93C73EF08441}.Debug|Any CPU.Build.0 = Debug|Any CPU
		{E71941D3-D279-49F4-AE74-93C73EF08441}.Debug|x64.ActiveCfg = Debug|Any CPU
		{E71941D3-D279-49F4-AE74-93C73EF08441}.Debug|x64.Build.0 = Debug|Any CPU
		{E71941D3-D279-49F4-AE74-93C73EF08441}.Debug|x86.ActiveCfg = Debug|Any CPU
		{E71941D3-D279-49F4-AE74-93C73EF08441}.Debug|x86.Build.0 = Debug|Any CPU
		{E71941D3-D279-49F4-AE74-93C73EF08441}.Release|Any CPU.ActiveCfg = Release|Any CPU
		{E71941D3-D279-49F4-AE74-93C73EF08441}.Release|Any CPU.Build.0 = Release|Any CPU
		{E71941D3-D279-49F4-AE74-93C73EF08441}.Release|x64.ActiveCfg = Release|Any CPU
		{E71941D3-D279-49F4-AE74-93C73EF08441}.Release|x64.Build.0 = Release|Any CPU
		{E71941D3-D279-49F4-AE74-93C73EF08441}.Release|x86.ActiveCfg = Release|Any CPU
		{E71941D3-D279-49F4-AE74-93C73EF08441}.Release|x86.Build.0 = Release|Any CPU
		{EE44C6B3-A0DB-497F-95BE-2D4F9681E7BF}.Debug|Any CPU.ActiveCfg = Debug|Any CPU
		{EE44C6B3-A0DB-497F-95BE-2D4F9681E7BF}.Debug|Any CPU.Build.0 = Debug|Any CPU
		{EE44C6B3-A0DB-497F-95BE-2D4F9681E7BF}.Debug|x64.ActiveCfg = Debug|Any CPU
		{EE44C6B3-A0DB-497F-95BE-2D4F9681E7BF}.Debug|x64.Build.0 = Debug|Any CPU
		{EE44C6B3-A0DB-497F-95BE-2D4F9681E7BF}.Debug|x86.ActiveCfg = Debug|Any CPU
		{EE44C6B3-A0DB-497F-95BE-2D4F9681E7BF}.Debug|x86.Build.0 = Debug|Any CPU
		{EE44C6B3-A0DB-497F-95BE-2D4F9681E7BF}.Release|Any CPU.ActiveCfg = Release|Any CPU
		{EE44C6B3-A0DB-497F-95BE-2D4F9681E7BF}.Release|Any CPU.Build.0 = Release|Any CPU
		{EE44C6B3-A0DB-497F-95BE-2D4F9681E7BF}.Release|x64.ActiveCfg = Release|Any CPU
		{EE44C6B3-A0DB-497F-95BE-2D4F9681E7BF}.Release|x64.Build.0 = Release|Any CPU
		{EE44C6B3-A0DB-497F-95BE-2D4F9681E7BF}.Release|x86.ActiveCfg = Release|Any CPU
		{EE44C6B3-A0DB-497F-95BE-2D4F9681E7BF}.Release|x86.Build.0 = Release|Any CPU
	EndGlobalSection
	GlobalSection(SolutionProperties) = preSolution
		HideSolutionNode = FALSE
	EndGlobalSection
	GlobalSection(NestedProjects) = preSolution
		{7D78A933-E070-91E6-0665-0550164ABA83} = {1787FE1D-075E-9E68-7218-25F1BD1BBEAB}
		{F0184DDB-17C4-25BF-874B-7F2B6E20BB7C} = {6C4D298B-81FB-2B6B-5AB6-46205EDDC72C}
		{72B78B33-AD66-2B91-A279-2FA0E33785E7} = {F0184DDB-17C4-25BF-874B-7F2B6E20BB7C}
		{6B7F7F08-7A89-48EC-A9EE-1CC28B95061F} = {72B78B33-AD66-2B91-A279-2FA0E33785E7}
		{84A05A41-93C3-08D6-141E-15F459CAF611} = {F0184DDB-17C4-25BF-874B-7F2B6E20BB7C}
		{574A0462-3836-46B1-9C04-F749E7676D81} = {84A05A41-93C3-08D6-141E-15F459CAF611}
		{E71941D3-D279-49F4-AE74-93C73EF08441} = {7D78A933-E070-91E6-0665-0550164ABA83}
		{EE44C6B3-A0DB-497F-95BE-2D4F9681E7BF} = {7D78A933-E070-91E6-0665-0550164ABA83}
	EndGlobalSection
EndGlobal
