
Microsoft Visual Studio Solution File, Format Version 12.00
# Visual Studio Version 17
VisualStudioVersion = 17.0.31903.59
MinimumVisualStudioVersion = 10.0.40219.1
Project("{2150E333-8FDC-42A3-9474-1A3956D46DE8}") = "apps", "apps", "{1787FE1D-075E-9E68-7218-25F1BD1BBEAB}"
EndProject
Project("{2150E333-8FDC-42A3-9474-1A3956D46DE8}") = "services", "services", "{7D78A933-E070-91E6-0665-0550164ABA83}"
EndProject
Project("{2150E333-8FDC-42A3-9474-1A3956D46DE8}") = "libs", "libs", "{6C4D298B-81FB-2B6B-5AB6-46205EDDC72C}"
EndProject
Project("{2150E333-8FDC-42A3-9474-1A3956D46DE8}") = "cs", "cs", "{F0184DDB-17C4-25BF-874B-7F2B6E20BB7C}"
EndProject
Project("{2150E333-8FDC-42A3-9474-1A3956D46DE8}") = "shared", "shared", "{72B78B33-AD66-2B91-A279-2FA0E33785E7}"
EndProject
Project("{FAE04EC0-301F-11D3-BF4B-00C04F79EFBC}") = "ShopifyClone.Cs.Shared", "libs\cs\shared\ShopifyClone.Cs.Shared.csproj", "{6B7F7F08-7A89-48EC-A9EE-1CC28B95061F}"
EndProject
Project("{2150E333-8FDC-42A3-9474-1A3956D46DE8}") = "proto-cs", "proto-cs", "{84A05A41-93C3-08D6-141E-15F459CAF611}"
EndProject
Project("{FAE04EC0-301F-11D3-BF4B-00C04F79EFBC}") = "ShopifyClone.Cs.ProtoCs", "libs\cs\proto-cs\ShopifyClone.Cs.ProtoCs.csproj", "{574A0462-3836-46B1-9C04-F749E7676D81}"
EndProject
Project("{FAE04EC0-301F-11D3-BF4B-00C04F79EFBC}") = "shop-service", "apps\services\shop-service\src\shop-service.csproj", "{8BAEFE8D-2E63-4F34-B3D4-31613E270CAF}"
EndProject
Project("{FAE04EC0-301F-11D3-BF4B-00C04F79EFBC}") = "shop-configuration-service", "apps\services\shop-configuration-service\src\shop-configuration-service.csproj", "{8CD6D986-5A5E-4402-B604-45BF4201363E}"
EndProject
Project("{FAE04EC0-301F-11D3-BF4B-00C04F79EFBC}") = "KafkaLambdaBridge", "apps\services\KafkaLambdaBridge\KafkaLambdaBridge.csproj", "{6018240C-90D7-4121-B8AC-67D13741E11C}"
EndProject
Project("{FAE04EC0-301F-11D3-BF4B-00C04F79EFBC}") = "shop-configuration-service.Tests", "apps\services\shop-configuration-service\test\shop-configuration-service.Tests\shop-configuration-service.Tests.csproj", "{CD31B3BC-841E-470F-AEFB-443F4E6239FE}"
EndProject
Project("{FAE04EC0-301F-11D3-BF4B-00C04F79EFBC}") = "shop-service.Tests", "apps\services\shop-service\test\shop-service.Tests\shop-service.Tests.csproj", "{84CA705C-3385-41FB-A112-00EB3190076C}"
EndProject
Project("{FAE04EC0-301F-11D3-BF4B-00C04F79EFBC}") = "product-service", "apps\services\product-service\src\product-service\product-service.csproj", "{06F7D261-401F-4EA7-914B-7AAD29DE0854}"
EndProject
Project("{FAE04EC0-301F-11D3-BF4B-00C04F79EFBC}") = "oidc-service", "apps\services\identity-service\src\identity-service\oidc-service.csproj", "{4A3426DE-79E6-42F7-A518-077BEAF318D4}"
EndProject
Project("{FAE04EC0-301F-11D3-BF4B-00C04F79EFBC}") = "authz-service", "apps\services\authz-service\src\authz-service\authz-service.csproj", "{44C5C82F-1058-4B1B-BFE1-7BA414C3EDD9}"
EndProject
Global
	GlobalSection(SolutionConfigurationPlatforms) = preSolution
		Debug|Any CPU = Debug|Any CPU
		Debug|x64 = Debug|x64
		Debug|x86 = Debug|x86
		Release|Any CPU = Release|Any CPU
		Release|x64 = Release|x64
		Release|x86 = Release|x86
	EndGlobalSection
	GlobalSection(ProjectConfigurationPlatforms) = postSolution
		{6B7F7F08-7A89-48EC-A9EE-1CC28B95061F}.Debug|Any CPU.ActiveCfg = Debug|Any CPU
		{6B7F7F08-7A89-48EC-A9EE-1CC28B95061F}.Debug|Any CPU.Build.0 = Debug|Any CPU
		{6B7F7F08-7A89-48EC-A9EE-1CC28B95061F}.Debug|x64.ActiveCfg = Debug|Any CPU
		{6B7F7F08-7A89-48EC-A9EE-1CC28B95061F}.Debug|x64.Build.0 = Debug|Any CPU
		{6B7F7F08-7A89-48EC-A9EE-1CC28B95061F}.Debug|x86.ActiveCfg = Debug|Any CPU
		{6B7F7F08-7A89-48EC-A9EE-1CC28B95061F}.Debug|x86.Build.0 = Debug|Any CPU
		{6B7F7F08-7A89-48EC-A9EE-1CC28B95061F}.Release|Any CPU.ActiveCfg = Release|Any CPU
		{6B7F7F08-7A89-48EC-A9EE-1CC28B95061F}.Release|Any CPU.Build.0 = Release|Any CPU
		{6B7F7F08-7A89-48EC-A9EE-1CC28B95061F}.Release|x64.ActiveCfg = Release|Any CPU
		{6B7F7F08-7A89-48EC-A9EE-1CC28B95061F}.Release|x64.Build.0 = Release|Any CPU
		{6B7F7F08-7A89-48EC-A9EE-1CC28B95061F}.Release|x86.ActiveCfg = Release|Any CPU
		{6B7F7F08-7A89-48EC-A9EE-1CC28B95061F}.Release|x86.Build.0 = Release|Any CPU
		{574A0462-3836-46B1-9C04-F749E7676D81}.Debug|Any CPU.ActiveCfg = Debug|Any CPU
		{574A0462-3836-46B1-9C04-F749E7676D81}.Debug|Any CPU.Build.0 = Debug|Any CPU
		{574A0462-3836-46B1-9C04-F749E7676D81}.Debug|x64.ActiveCfg = Debug|Any CPU
		{574A0462-3836-46B1-9C04-F749E7676D81}.Debug|x64.Build.0 = Debug|Any CPU
		{574A0462-3836-46B1-9C04-F749E7676D81}.Debug|x86.ActiveCfg = Debug|Any CPU
		{574A0462-3836-46B1-9C04-F749E7676D81}.Debug|x86.Build.0 = Debug|Any CPU
		{574A0462-3836-46B1-9C04-F749E7676D81}.Release|Any CPU.ActiveCfg = Release|Any CPU
		{574A0462-3836-46B1-9C04-F749E7676D81}.Release|Any CPU.Build.0 = Release|Any CPU
		{574A0462-3836-46B1-9C04-F749E7676D81}.Release|x64.ActiveCfg = Release|Any CPU
		{574A0462-3836-46B1-9C04-F749E7676D81}.Release|x64.Build.0 = Release|Any CPU
		{574A0462-3836-46B1-9C04-F749E7676D81}.Release|x86.ActiveCfg = Release|Any CPU
		{574A0462-3836-46B1-9C04-F749E7676D81}.Release|x86.Build.0 = Release|Any CPU
		{8BAEFE8D-2E63-4F34-B3D4-31613E270CAF}.Debug|Any CPU.ActiveCfg = Debug|Any CPU
		{8BAEFE8D-2E63-4F34-B3D4-31613E270CAF}.Debug|Any CPU.Build.0 = Debug|Any CPU
		{8BAEFE8D-2E63-4F34-B3D4-31613E270CAF}.Debug|x64.ActiveCfg = Debug|Any CPU
		{8BAEFE8D-2E63-4F34-B3D4-31613E270CAF}.Debug|x64.Build.0 = Debug|Any CPU
		{8BAEFE8D-2E63-4F34-B3D4-31613E270CAF}.Debug|x86.ActiveCfg = Debug|Any CPU
		{8BAEFE8D-2E63-4F34-B3D4-31613E270CAF}.Debug|x86.Build.0 = Debug|Any CPU
		{8BAEFE8D-2E63-4F34-B3D4-31613E270CAF}.Release|Any CPU.ActiveCfg = Release|Any CPU
		{8BAEFE8D-2E63-4F34-B3D4-31613E270CAF}.Release|Any CPU.Build.0 = Release|Any CPU
		{8BAEFE8D-2E63-4F34-B3D4-31613E270CAF}.Release|x64.ActiveCfg = Release|Any CPU
		{8BAEFE8D-2E63-4F34-B3D4-31613E270CAF}.Release|x64.Build.0 = Release|Any CPU
		{8BAEFE8D-2E63-4F34-B3D4-31613E270CAF}.Release|x86.ActiveCfg = Release|Any CPU
		{8BAEFE8D-2E63-4F34-B3D4-31613E270CAF}.Release|x86.Build.0 = Release|Any CPU
		{8CD6D986-5A5E-4402-B604-45BF4201363E}.Debug|Any CPU.ActiveCfg = Debug|Any CPU
		{8CD6D986-5A5E-4402-B604-45BF4201363E}.Debug|Any CPU.Build.0 = Debug|Any CPU
		{8CD6D986-5A5E-4402-B604-45BF4201363E}.Debug|x64.ActiveCfg = Debug|Any CPU
		{8CD6D986-5A5E-4402-B604-45BF4201363E}.Debug|x64.Build.0 = Debug|Any CPU
		{8CD6D986-5A5E-4402-B604-45BF4201363E}.Debug|x86.ActiveCfg = Debug|Any CPU
		{8CD6D986-5A5E-4402-B604-45BF4201363E}.Debug|x86.Build.0 = Debug|Any CPU
		{8CD6D986-5A5E-4402-B604-45BF4201363E}.Release|Any CPU.ActiveCfg = Release|Any CPU
		{8CD6D986-5A5E-4402-B604-45BF4201363E}.Release|Any CPU.Build.0 = Release|Any CPU
		{8CD6D986-5A5E-4402-B604-45BF4201363E}.Release|x64.ActiveCfg = Release|Any CPU
		{8CD6D986-5A5E-4402-B604-45BF4201363E}.Release|x64.Build.0 = Release|Any CPU
		{8CD6D986-5A5E-4402-B604-45BF4201363E}.Release|x86.ActiveCfg = Release|Any CPU
		{8CD6D986-5A5E-4402-B604-45BF4201363E}.Release|x86.Build.0 = Release|Any CPU
		{6018240C-90D7-4121-B8AC-67D13741E11C}.Debug|Any CPU.ActiveCfg = Debug|Any CPU
		{6018240C-90D7-4121-B8AC-67D13741E11C}.Debug|Any CPU.Build.0 = Debug|Any CPU
		{6018240C-90D7-4121-B8AC-67D13741E11C}.Debug|x64.ActiveCfg = Debug|Any CPU
		{6018240C-90D7-4121-B8AC-67D13741E11C}.Debug|x64.Build.0 = Debug|Any CPU
		{6018240C-90D7-4121-B8AC-67D13741E11C}.Debug|x86.ActiveCfg = Debug|Any CPU
		{6018240C-90D7-4121-B8AC-67D13741E11C}.Debug|x86.Build.0 = Debug|Any CPU
		{6018240C-90D7-4121-B8AC-67D13741E11C}.Release|Any CPU.ActiveCfg = Release|Any CPU
		{6018240C-90D7-4121-B8AC-67D13741E11C}.Release|Any CPU.Build.0 = Release|Any CPU
		{6018240C-90D7-4121-B8AC-67D13741E11C}.Release|x64.ActiveCfg = Release|Any CPU
		{6018240C-90D7-4121-B8AC-67D13741E11C}.Release|x64.Build.0 = Release|Any CPU
		{6018240C-90D7-4121-B8AC-67D13741E11C}.Release|x86.ActiveCfg = Release|Any CPU
		{6018240C-90D7-4121-B8AC-67D13741E11C}.Release|x86.Build.0 = Release|Any CPU
		{CD31B3BC-841E-470F-AEFB-443F4E6239FE}.Debug|Any CPU.ActiveCfg = Debug|Any CPU
		{CD31B3BC-841E-470F-AEFB-443F4E6239FE}.Debug|Any CPU.Build.0 = Debug|Any CPU
		{CD31B3BC-841E-470F-AEFB-443F4E6239FE}.Debug|x64.ActiveCfg = Debug|Any CPU
		{CD31B3BC-841E-470F-AEFB-443F4E6239FE}.Debug|x64.Build.0 = Debug|Any CPU
		{CD31B3BC-841E-470F-AEFB-443F4E6239FE}.Debug|x86.ActiveCfg = Debug|Any CPU
		{CD31B3BC-841E-470F-AEFB-443F4E6239FE}.Debug|x86.Build.0 = Debug|Any CPU
		{CD31B3BC-841E-470F-AEFB-443F4E6239FE}.Release|Any CPU.ActiveCfg = Release|Any CPU
		{CD31B3BC-841E-470F-AEFB-443F4E6239FE}.Release|Any CPU.Build.0 = Release|Any CPU
		{CD31B3BC-841E-470F-AEFB-443F4E6239FE}.Release|x64.ActiveCfg = Release|Any CPU
		{CD31B3BC-841E-470F-AEFB-443F4E6239FE}.Release|x64.Build.0 = Release|Any CPU
		{CD31B3BC-841E-470F-AEFB-443F4E6239FE}.Release|x86.ActiveCfg = Release|Any CPU
		{CD31B3BC-841E-470F-AEFB-443F4E6239FE}.Release|x86.Build.0 = Release|Any CPU
		{84CA705C-3385-41FB-A112-00EB3190076C}.Debug|Any CPU.ActiveCfg = Debug|Any CPU
		{84CA705C-3385-41FB-A112-00EB3190076C}.Debug|Any CPU.Build.0 = Debug|Any CPU
		{84CA705C-3385-41FB-A112-00EB3190076C}.Debug|x64.ActiveCfg = Debug|Any CPU
		{84CA705C-3385-41FB-A112-00EB3190076C}.Debug|x64.Build.0 = Debug|Any CPU
		{84CA705C-3385-41FB-A112-00EB3190076C}.Debug|x86.ActiveCfg = Debug|Any CPU
		{84CA705C-3385-41FB-A112-00EB3190076C}.Debug|x86.Build.0 = Debug|Any CPU
		{84CA705C-3385-41FB-A112-00EB3190076C}.Release|Any CPU.ActiveCfg = Release|Any CPU
		{84CA705C-3385-41FB-A112-00EB3190076C}.Release|Any CPU.Build.0 = Release|Any CPU
		{84CA705C-3385-41FB-A112-00EB3190076C}.Release|x64.ActiveCfg = Release|Any CPU
		{84CA705C-3385-41FB-A112-00EB3190076C}.Release|x64.Build.0 = Release|Any CPU
		{84CA705C-3385-41FB-A112-00EB3190076C}.Release|x86.ActiveCfg = Release|Any CPU
		{84CA705C-3385-41FB-A112-00EB3190076C}.Release|x86.Build.0 = Release|Any CPU
		{06F7D261-401F-4EA7-914B-7AAD29DE0854}.Debug|Any CPU.ActiveCfg = Debug|Any CPU
		{06F7D261-401F-4EA7-914B-7AAD29DE0854}.Debug|Any CPU.Build.0 = Debug|Any CPU
		{06F7D261-401F-4EA7-914B-7AAD29DE0854}.Debug|x64.ActiveCfg = Debug|Any CPU
		{06F7D261-401F-4EA7-914B-7AAD29DE0854}.Debug|x64.Build.0 = Debug|Any CPU
		{06F7D261-401F-4EA7-914B-7AAD29DE0854}.Debug|x86.ActiveCfg = Debug|Any CPU
		{06F7D261-401F-4EA7-914B-7AAD29DE0854}.Debug|x86.Build.0 = Debug|Any CPU
		{06F7D261-401F-4EA7-914B-7AAD29DE0854}.Release|Any CPU.ActiveCfg = Release|Any CPU
		{06F7D261-401F-4EA7-914B-7AAD29DE0854}.Release|Any CPU.Build.0 = Release|Any CPU
		{06F7D261-401F-4EA7-914B-7AAD29DE0854}.Release|x64.ActiveCfg = Release|Any CPU
		{06F7D261-401F-4EA7-914B-7AAD29DE0854}.Release|x64.Build.0 = Release|Any CPU
		{06F7D261-401F-4EA7-914B-7AAD29DE0854}.Release|x86.ActiveCfg = Release|Any CPU
		{06F7D261-401F-4EA7-914B-7AAD29DE0854}.Release|x86.Build.0 = Release|Any CPU
		{4A3426DE-79E6-42F7-A518-077BEAF318D4}.Debug|Any CPU.ActiveCfg = Debug|Any CPU
		{4A3426DE-79E6-42F7-A518-077BEAF318D4}.Debug|Any CPU.Build.0 = Debug|Any CPU
		{4A3426DE-79E6-42F7-A518-077BEAF318D4}.Debug|x64.ActiveCfg = Debug|Any CPU
		{4A3426DE-79E6-42F7-A518-077BEAF318D4}.Debug|x64.Build.0 = Debug|Any CPU
		{4A3426DE-79E6-42F7-A518-077BEAF318D4}.Debug|x86.ActiveCfg = Debug|Any CPU
		{4A3426DE-79E6-42F7-A518-077BEAF318D4}.Debug|x86.Build.0 = Debug|Any CPU
		{4A3426DE-79E6-42F7-A518-077BEAF318D4}.Release|Any CPU.ActiveCfg = Release|Any CPU
		{4A3426DE-79E6-42F7-A518-077BEAF318D4}.Release|Any CPU.Build.0 = Release|Any CPU
		{4A3426DE-79E6-42F7-A518-077BEAF318D4}.Release|x64.ActiveCfg = Release|Any CPU
		{4A3426DE-79E6-42F7-A518-077BEAF318D4}.Release|x64.Build.0 = Release|Any CPU
		{4A3426DE-79E6-42F7-A518-077BEAF318D4}.Release|x86.ActiveCfg = Release|Any CPU
		{4A3426DE-79E6-42F7-A518-077BEAF318D4}.Release|x86.Build.0 = Release|Any CPU
		{44C5C82F-1058-4B1B-BFE1-7BA414C3EDD9}.Debug|Any CPU.ActiveCfg = Debug|Any CPU
		{44C5C82F-1058-4B1B-BFE1-7BA414C3EDD9}.Debug|Any CPU.Build.0 = Debug|Any CPU
		{44C5C82F-1058-4B1B-BFE1-7BA414C3EDD9}.Debug|x64.ActiveCfg = Debug|Any CPU
		{44C5C82F-1058-4B1B-BFE1-7BA414C3EDD9}.Debug|x64.Build.0 = Debug|Any CPU
		{44C5C82F-1058-4B1B-BFE1-7BA414C3EDD9}.Debug|x86.ActiveCfg = Debug|Any CPU
		{44C5C82F-1058-4B1B-BFE1-7BA414C3EDD9}.Debug|x86.Build.0 = Debug|Any CPU
		{44C5C82F-1058-4B1B-BFE1-7BA414C3EDD9}.Release|Any CPU.ActiveCfg = Release|Any CPU
		{44C5C82F-1058-4B1B-BFE1-7BA414C3EDD9}.Release|Any CPU.Build.0 = Release|Any CPU
		{44C5C82F-1058-4B1B-BFE1-7BA414C3EDD9}.Release|x64.ActiveCfg = Release|Any CPU
		{44C5C82F-1058-4B1B-BFE1-7BA414C3EDD9}.Release|x64.Build.0 = Release|Any CPU
		{44C5C82F-1058-4B1B-BFE1-7BA414C3EDD9}.Release|x86.ActiveCfg = Release|Any CPU
		{44C5C82F-1058-4B1B-BFE1-7BA414C3EDD9}.Release|x86.Build.0 = Release|Any CPU
	EndGlobalSection
	GlobalSection(SolutionProperties) = preSolution
		HideSolutionNode = FALSE
	EndGlobalSection
	GlobalSection(NestedProjects) = preSolution
		{7D78A933-E070-91E6-0665-0550164ABA83} = {1787FE1D-075E-9E68-7218-25F1BD1BBEAB}
		{F0184DDB-17C4-25BF-874B-7F2B6E20BB7C} = {6C4D298B-81FB-2B6B-5AB6-46205EDDC72C}
		{72B78B33-AD66-2B91-A279-2FA0E33785E7} = {F0184DDB-17C4-25BF-874B-7F2B6E20BB7C}
		{6B7F7F08-7A89-48EC-A9EE-1CC28B95061F} = {72B78B33-AD66-2B91-A279-2FA0E33785E7}
		{84A05A41-93C3-08D6-141E-15F459CAF611} = {F0184DDB-17C4-25BF-874B-7F2B6E20BB7C}
		{574A0462-3836-46B1-9C04-F749E7676D81} = {84A05A41-93C3-08D6-141E-15F459CAF611}
		{8BAEFE8D-2E63-4F34-B3D4-31613E270CAF} = {7D78A933-E070-91E6-0665-0550164ABA83}
		{8CD6D986-5A5E-4402-B604-45BF4201363E} = {7D78A933-E070-91E6-0665-0550164ABA83}
		{6018240C-90D7-4121-B8AC-67D13741E11C} = {7D78A933-E070-91E6-0665-0550164ABA83}
		{CD31B3BC-841E-470F-AEFB-443F4E6239FE} = {7D78A933-E070-91E6-0665-0550164ABA83}
		{84CA705C-3385-41FB-A112-00EB3190076C} = {7D78A933-E070-91E6-0665-0550164ABA83}
		{06F7D261-401F-4EA7-914B-7AAD29DE0854} = {7D78A933-E070-91E6-0665-0550164ABA83}
		{4A3426DE-79E6-42F7-A518-077BEAF318D4} = {7D78A933-E070-91E6-0665-0550164ABA83}
		{44C5C82F-1058-4B1B-BFE1-7BA414C3EDD9} = {7D78A933-E070-91E6-0665-0550164ABA83}
	EndGlobalSection
EndGlobal
